
Microsoft Visual Studio Solution File, Format Version 12.00
# Visual Studio Version 17
VisualStudioVersion = 17.5.002.0
MinimumVisualStudioVersion = 10.0.40219.1
Project("{9A19103F-16F7-4668-BE54-9A1E7A4F7556}") = "findata-api", "findata-api\findata-api.csproj", "{67AFA6CE-1CEA-49D3-A29B-2F78C32B2DA8}"
EndProject
Global
	GlobalSection(SolutionConfigurationPlatforms) = preSolution
		Debug|Any CPU = Debug|Any CPU
		Release|Any CPU = Release|Any CPU
	EndGlobalSection
	GlobalSection(ProjectConfigurationPlatforms) = postSolution
		{67AFA6CE-1CEA-49D3-A29B-2F78C32B2DA8}.Debug|Any CPU.ActiveCfg = Debug|Any CPU
		{67AFA6CE-1CEA-49D3-A29B-2F78C32B2DA8}.Debug|Any CPU.Build.0 = Debug|Any CPU
		{67AFA6CE-1CEA-49D3-A29B-2F78C32B2DA8}.Release|Any CPU.ActiveCfg = Release|Any CPU
		{67AFA6CE-1CEA-49D3-A29B-2F78C32B2DA8}.Release|Any CPU.Build.0 = Release|Any CPU
	EndGlobalSection
	GlobalSection(SolutionProperties) = preSolution
		HideSolutionNode = FALSE
	EndGlobalSection
	GlobalSection(ExtensibilityGlobals) = postSolution
		SolutionGuid = {7FA4BD1A-F112-4F75-9DE1-34C8BAFA926C}
	EndGlobalSection
EndGlobal
